
Microsoft Visual Studio Solution File, Format Version 12.00
# Visual Studio Version 17
VisualStudioVersion = 17.6.33815.320
MinimumVisualStudioVersion = 10.0.40219.1
Project("{2150E333-8FDC-42A3-9474-1A3956D46DE8}") = "test", "test", "{16967CB0-87F0-4E25-898B-1D6E1B20966F}"
EndProject
Project("{2150E333-8FDC-42A3-9474-1A3956D46DE8}") = "src", "src", "{61969331-E4E0-47F8-8AE1-929A0F906B42}"
EndProject
Project("{FAE04EC0-301F-11D3-BF4B-00C04F79EFBC}") = "Catan.Domain.UnitTests", "Catan.UnitTests\Catan.Domain.UnitTests.csproj", "{F7BE3495-BDAA-4027-9B1F-364CD25F68C5}"
EndProject
Project("{2150E333-8FDC-42A3-9474-1A3956D46DE8}") = "APIs", "APIs", "{4FCCB966-CF0D-4262-AEAB-8D441684B3A1}"
EndProject
Project("{2150E333-8FDC-42A3-9474-1A3956D46DE8}") = "Core", "Core", "{94BFDD12-49CE-4DF7-9A8D-965120128908}"
EndProject
Project("{FAE04EC0-301F-11D3-BF4B-00C04F79EFBC}") = "Catan.API", "Catan.API\Catan.API.csproj", "{5C502551-B32A-4B6B-968C-3DF08110517C}"
EndProject
Project("{FAE04EC0-301F-11D3-BF4B-00C04F79EFBC}") = "Catan.Core", "Catan.Core\Catan.Core.csproj", "{BCC147C0-A629-4509-B037-CE5C6BCE44C2}"
EndProject
Project("{FAE04EC0-301F-11D3-BF4B-00C04F79EFBC}") = "Catan.Domain", "Catan.Domain\Catan.Domain.csproj", "{1C203AA9-36C3-468E-8D20-F617FBB2F009}"
EndProject
Project("{FAE04EC0-301F-11D3-BF4B-00C04F79EFBC}") = "Catan.Infrastructure", "Catan.Infrastructure\Catan.Infrastructure.csproj", "{E914B2C1-E1A0-4333-A0D9-232A4B49231F}"
EndProject
Project("{FAE04EC0-301F-11D3-BF4B-00C04F79EFBC}") = "Catan.Core.UnitTests", "test\Catan.Core.UnitTests\Catan.Core.UnitTests.csproj", "{A24CEAA6-2F0F-4B5F-9E85-439AFAA6DE38}"
EndProject
Global
	GlobalSection(SolutionConfigurationPlatforms) = preSolution
		Debug|Any CPU = Debug|Any CPU
		Release|Any CPU = Release|Any CPU
	EndGlobalSection
	GlobalSection(ProjectConfigurationPlatforms) = postSolution
		{F7BE3495-BDAA-4027-9B1F-364CD25F68C5}.Debug|Any CPU.ActiveCfg = Debug|Any CPU
		{F7BE3495-BDAA-4027-9B1F-364CD25F68C5}.Debug|Any CPU.Build.0 = Debug|Any CPU
		{F7BE3495-BDAA-4027-9B1F-364CD25F68C5}.Release|Any CPU.ActiveCfg = Release|Any CPU
		{F7BE3495-BDAA-4027-9B1F-364CD25F68C5}.Release|Any CPU.Build.0 = Release|Any CPU
		{5C502551-B32A-4B6B-968C-3DF08110517C}.Debug|Any CPU.ActiveCfg = Debug|Any CPU
		{5C502551-B32A-4B6B-968C-3DF08110517C}.Debug|Any CPU.Build.0 = Debug|Any CPU
		{5C502551-B32A-4B6B-968C-3DF08110517C}.Release|Any CPU.ActiveCfg = Release|Any CPU
		{5C502551-B32A-4B6B-968C-3DF08110517C}.Release|Any CPU.Build.0 = Release|Any CPU
		{BCC147C0-A629-4509-B037-CE5C6BCE44C2}.Debug|Any CPU.ActiveCfg = Debug|Any CPU
		{BCC147C0-A629-4509-B037-CE5C6BCE44C2}.Debug|Any CPU.Build.0 = Debug|Any CPU
		{BCC147C0-A629-4509-B037-CE5C6BCE44C2}.Release|Any CPU.ActiveCfg = Release|Any CPU
		{BCC147C0-A629-4509-B037-CE5C6BCE44C2}.Release|Any CPU.Build.0 = Release|Any CPU
		{1C203AA9-36C3-468E-8D20-F617FBB2F009}.Debug|Any CPU.ActiveCfg = Debug|Any CPU
		{1C203AA9-36C3-468E-8D20-F617FBB2F009}.Debug|Any CPU.Build.0 = Debug|Any CPU
		{1C203AA9-36C3-468E-8D20-F617FBB2F009}.Release|Any CPU.ActiveCfg = Release|Any CPU
		{1C203AA9-36C3-468E-8D20-F617FBB2F009}.Release|Any CPU.Build.0 = Release|Any CPU
		{E914B2C1-E1A0-4333-A0D9-232A4B49231F}.Debug|Any CPU.ActiveCfg = Debug|Any CPU
		{E914B2C1-E1A0-4333-A0D9-232A4B49231F}.Debug|Any CPU.Build.0 = Debug|Any CPU
		{E914B2C1-E1A0-4333-A0D9-232A4B49231F}.Release|Any CPU.ActiveCfg = Release|Any CPU
		{E914B2C1-E1A0-4333-A0D9-232A4B49231F}.Release|Any CPU.Build.0 = Release|Any CPU
		{A24CEAA6-2F0F-4B5F-9E85-439AFAA6DE38}.Debug|Any CPU.ActiveCfg = Debug|Any CPU
		{A24CEAA6-2F0F-4B5F-9E85-439AFAA6DE38}.Debug|Any CPU.Build.0 = Debug|Any CPU
		{A24CEAA6-2F0F-4B5F-9E85-439AFAA6DE38}.Release|Any CPU.ActiveCfg = Release|Any CPU
		{A24CEAA6-2F0F-4B5F-9E85-439AFAA6DE38}.Release|Any CPU.Build.0 = Release|Any CPU
	EndGlobalSection
	GlobalSection(SolutionProperties) = preSolution
		HideSolutionNode = FALSE
	EndGlobalSection
	GlobalSection(NestedProjects) = preSolution
		{F7BE3495-BDAA-4027-9B1F-364CD25F68C5} = {16967CB0-87F0-4E25-898B-1D6E1B20966F}
		{4FCCB966-CF0D-4262-AEAB-8D441684B3A1} = {61969331-E4E0-47F8-8AE1-929A0F906B42}
		{94BFDD12-49CE-4DF7-9A8D-965120128908} = {61969331-E4E0-47F8-8AE1-929A0F906B42}
		{5C502551-B32A-4B6B-968C-3DF08110517C} = {4FCCB966-CF0D-4262-AEAB-8D441684B3A1}
		{BCC147C0-A629-4509-B037-CE5C6BCE44C2} = {94BFDD12-49CE-4DF7-9A8D-965120128908}
		{1C203AA9-36C3-468E-8D20-F617FBB2F009} = {94BFDD12-49CE-4DF7-9A8D-965120128908}
		{E914B2C1-E1A0-4333-A0D9-232A4B49231F} = {94BFDD12-49CE-4DF7-9A8D-965120128908}
		{A24CEAA6-2F0F-4B5F-9E85-439AFAA6DE38} = {16967CB0-87F0-4E25-898B-1D6E1B20966F}
	EndGlobalSection
	GlobalSection(ExtensibilityGlobals) = postSolution
		SolutionGuid = {D2080587-2D6E-420D-9CB0-E2DC9B3A6CB5}
	EndGlobalSection
EndGlobal
