
Microsoft Visual Studio Solution File, Format Version 12.00
# Visual Studio Version 17
VisualStudioVersion = 17.6.33815.320
MinimumVisualStudioVersion = 10.0.40219.1
Project("{9A19103F-16F7-4668-BE54-9A1E7A4F7556}") = "Catan.API", "Catan.API\Catan.API.csproj", "{5C20D27C-40AD-4370-A9CE-97B8F6963E17}"
EndProject
Project("{9A19103F-16F7-4668-BE54-9A1E7A4F7556}") = "Catan.Domain", "Catan.Domain\Catan.Domain.csproj", "{4689EA58-7102-465B-A864-681E9275F313}"
EndProject
Project("{9A19103F-16F7-4668-BE54-9A1E7A4F7556}") = "Catan.Infrastructure", "Catan.Infrastructure\Catan.Infrastructure.csproj", "{BD4947F8-F9AC-4B73-9D16-8E3842DCC995}"
EndProject
Project("{9A19103F-16F7-4668-BE54-9A1E7A4F7556}") = "Catan.UnitTests", "Catan.UnitTests\Catan.UnitTests.csproj", "{1C3A11B0-1A8E-4970-93DC-0DDC0BDF1801}"
EndProject
Project("{9A19103F-16F7-4668-BE54-9A1E7A4F7556}") = "Catan.IntegrationTests", "Catan.IntegrationTests\Catan.IntegrationTests.csproj", "{D0C9F78F-78FD-4877-B292-2857854A4F14}"
EndProject
Project("{FAE04EC0-301F-11D3-BF4B-00C04F79EFBC}") = "Catan.Common", "Common\Catan.Common.csproj", "{CF194720-4A9B-4590-9FEE-270E5B5A0C9D}"
EndProject
Project("{FAE04EC0-301F-11D3-BF4B-00C04F79EFBC}") = "Catan.Web", "Catan.Web\Catan.Web.csproj", "{462CD824-82D9-48B6-985B-9C719B8BE2FC}"
EndProject
Project("{FAE04EC0-301F-11D3-BF4B-00C04F79EFBC}") = "Catan.Core", "Catan.Core\Catan.Core.csproj", "{BCBDB7C3-2850-49FF-924C-FCE6307CFE2F}"
EndProject
Global
	GlobalSection(SolutionConfigurationPlatforms) = preSolution
		Debug|Any CPU = Debug|Any CPU
		Release|Any CPU = Release|Any CPU
	EndGlobalSection
	GlobalSection(ProjectConfigurationPlatforms) = postSolution
		{5C20D27C-40AD-4370-A9CE-97B8F6963E17}.Debug|Any CPU.ActiveCfg = Debug|Any CPU
		{5C20D27C-40AD-4370-A9CE-97B8F6963E17}.Debug|Any CPU.Build.0 = Debug|Any CPU
		{5C20D27C-40AD-4370-A9CE-97B8F6963E17}.Release|Any CPU.ActiveCfg = Release|Any CPU
		{5C20D27C-40AD-4370-A9CE-97B8F6963E17}.Release|Any CPU.Build.0 = Release|Any CPU
		{4689EA58-7102-465B-A864-681E9275F313}.Debug|Any CPU.ActiveCfg = Debug|Any CPU
		{4689EA58-7102-465B-A864-681E9275F313}.Debug|Any CPU.Build.0 = Debug|Any CPU
		{4689EA58-7102-465B-A864-681E9275F313}.Release|Any CPU.ActiveCfg = Release|Any CPU
		{4689EA58-7102-465B-A864-681E9275F313}.Release|Any CPU.Build.0 = Release|Any CPU
		{BD4947F8-F9AC-4B73-9D16-8E3842DCC995}.Debug|Any CPU.ActiveCfg = Debug|Any CPU
		{BD4947F8-F9AC-4B73-9D16-8E3842DCC995}.Debug|Any CPU.Build.0 = Debug|Any CPU
		{BD4947F8-F9AC-4B73-9D16-8E3842DCC995}.Release|Any CPU.ActiveCfg = Release|Any CPU
		{BD4947F8-F9AC-4B73-9D16-8E3842DCC995}.Release|Any CPU.Build.0 = Release|Any CPU
		{1C3A11B0-1A8E-4970-93DC-0DDC0BDF1801}.Debug|Any CPU.ActiveCfg = Debug|Any CPU
		{1C3A11B0-1A8E-4970-93DC-0DDC0BDF1801}.Debug|Any CPU.Build.0 = Debug|Any CPU
		{1C3A11B0-1A8E-4970-93DC-0DDC0BDF1801}.Release|Any CPU.ActiveCfg = Release|Any CPU
		{1C3A11B0-1A8E-4970-93DC-0DDC0BDF1801}.Release|Any CPU.Build.0 = Release|Any CPU
		{D0C9F78F-78FD-4877-B292-2857854A4F14}.Debug|Any CPU.ActiveCfg = Debug|Any CPU
		{D0C9F78F-78FD-4877-B292-2857854A4F14}.Debug|Any CPU.Build.0 = Debug|Any CPU
		{D0C9F78F-78FD-4877-B292-2857854A4F14}.Release|Any CPU.ActiveCfg = Release|Any CPU
		{D0C9F78F-78FD-4877-B292-2857854A4F14}.Release|Any CPU.Build.0 = Release|Any CPU
		{CF194720-4A9B-4590-9FEE-270E5B5A0C9D}.Debug|Any CPU.ActiveCfg = Debug|Any CPU
		{CF194720-4A9B-4590-9FEE-270E5B5A0C9D}.Debug|Any CPU.Build.0 = Debug|Any CPU
		{CF194720-4A9B-4590-9FEE-270E5B5A0C9D}.Release|Any CPU.ActiveCfg = Release|Any CPU
		{CF194720-4A9B-4590-9FEE-270E5B5A0C9D}.Release|Any CPU.Build.0 = Release|Any CPU
		{462CD824-82D9-48B6-985B-9C719B8BE2FC}.Debug|Any CPU.ActiveCfg = Debug|Any CPU
		{462CD824-82D9-48B6-985B-9C719B8BE2FC}.Debug|Any CPU.Build.0 = Debug|Any CPU
		{462CD824-82D9-48B6-985B-9C719B8BE2FC}.Release|Any CPU.ActiveCfg = Release|Any CPU
		{462CD824-82D9-48B6-985B-9C719B8BE2FC}.Release|Any CPU.Build.0 = Release|Any CPU
		{BCBDB7C3-2850-49FF-924C-FCE6307CFE2F}.Debug|Any CPU.ActiveCfg = Debug|Any CPU
		{BCBDB7C3-2850-49FF-924C-FCE6307CFE2F}.Debug|Any CPU.Build.0 = Debug|Any CPU
		{BCBDB7C3-2850-49FF-924C-FCE6307CFE2F}.Release|Any CPU.ActiveCfg = Release|Any CPU
		{BCBDB7C3-2850-49FF-924C-FCE6307CFE2F}.Release|Any CPU.Build.0 = Release|Any CPU
	EndGlobalSection
	GlobalSection(SolutionProperties) = preSolution
		HideSolutionNode = FALSE
	EndGlobalSection
	GlobalSection(ExtensibilityGlobals) = postSolution
		SolutionGuid = {D2080587-2D6E-420D-9CB0-E2DC9B3A6CB5}
	EndGlobalSection
EndGlobal
