
Microsoft Visual Studio Solution File, Format Version 12.00
# Visual Studio Version 17
VisualStudioVersion = 17.6.33815.320
MinimumVisualStudioVersion = 10.0.40219.1
Project("{2150E333-8FDC-42A3-9474-1A3956D46DE8}") = "test", "test", "{16967CB0-87F0-4E25-898B-1D6E1B20966F}"
EndProject
Project("{2150E333-8FDC-42A3-9474-1A3956D46DE8}") = "src", "src", "{61969331-E4E0-47F8-8AE1-929A0F906B42}"
EndProject
Project("{FAE04EC0-301F-11D3-BF4B-00C04F79EFBC}") = "Catan.API", "Catan.API\Catan.API.csproj", "{DBDC5084-DEB2-418A-B657-4C9BEEA6AE26}"
EndProject
Project("{FAE04EC0-301F-11D3-BF4B-00C04F79EFBC}") = "Catan.Core", "Catan.Core\Catan.Core.csproj", "{A785080C-34D8-4C82-BAED-9AC403F7CE90}"
EndProject
Project("{FAE04EC0-301F-11D3-BF4B-00C04F79EFBC}") = "Catan.Domain", "Catan.Domain\Catan.Domain.csproj", "{CA4804C9-C887-4D30-AE93-610C65479FCD}"
EndProject
Project("{FAE04EC0-301F-11D3-BF4B-00C04F79EFBC}") = "Catan.Infrastructure", "Catan.Infrastructure\Catan.Infrastructure.csproj", "{E3E5283B-8298-4B02-91C9-B9C6022219AD}"
EndProject
Project("{FAE04EC0-301F-11D3-BF4B-00C04F79EFBC}") = "Catan.Domain.UnitTests", "Catan.UnitTests\Catan.Domain.UnitTests.csproj", "{F7BE3495-BDAA-4027-9B1F-364CD25F68C5}"
EndProject
Global
	GlobalSection(SolutionConfigurationPlatforms) = preSolution
		Debug|Any CPU = Debug|Any CPU
		Release|Any CPU = Release|Any CPU
	EndGlobalSection
	GlobalSection(ProjectConfigurationPlatforms) = postSolution
		{DBDC5084-DEB2-418A-B657-4C9BEEA6AE26}.Debug|Any CPU.ActiveCfg = Debug|Any CPU
		{DBDC5084-DEB2-418A-B657-4C9BEEA6AE26}.Debug|Any CPU.Build.0 = Debug|Any CPU
		{DBDC5084-DEB2-418A-B657-4C9BEEA6AE26}.Release|Any CPU.ActiveCfg = Release|Any CPU
		{DBDC5084-DEB2-418A-B657-4C9BEEA6AE26}.Release|Any CPU.Build.0 = Release|Any CPU
		{A785080C-34D8-4C82-BAED-9AC403F7CE90}.Debug|Any CPU.ActiveCfg = Debug|Any CPU
		{A785080C-34D8-4C82-BAED-9AC403F7CE90}.Debug|Any CPU.Build.0 = Debug|Any CPU
		{A785080C-34D8-4C82-BAED-9AC403F7CE90}.Release|Any CPU.ActiveCfg = Release|Any CPU
		{A785080C-34D8-4C82-BAED-9AC403F7CE90}.Release|Any CPU.Build.0 = Release|Any CPU
		{CA4804C9-C887-4D30-AE93-610C65479FCD}.Debug|Any CPU.ActiveCfg = Debug|Any CPU
		{CA4804C9-C887-4D30-AE93-610C65479FCD}.Debug|Any CPU.Build.0 = Debug|Any CPU
		{CA4804C9-C887-4D30-AE93-610C65479FCD}.Release|Any CPU.ActiveCfg = Release|Any CPU
		{CA4804C9-C887-4D30-AE93-610C65479FCD}.Release|Any CPU.Build.0 = Release|Any CPU
		{E3E5283B-8298-4B02-91C9-B9C6022219AD}.Debug|Any CPU.ActiveCfg = Debug|Any CPU
		{E3E5283B-8298-4B02-91C9-B9C6022219AD}.Debug|Any CPU.Build.0 = Debug|Any CPU
		{E3E5283B-8298-4B02-91C9-B9C6022219AD}.Release|Any CPU.ActiveCfg = Release|Any CPU
		{E3E5283B-8298-4B02-91C9-B9C6022219AD}.Release|Any CPU.Build.0 = Release|Any CPU
		{F7BE3495-BDAA-4027-9B1F-364CD25F68C5}.Debug|Any CPU.ActiveCfg = Debug|Any CPU
		{F7BE3495-BDAA-4027-9B1F-364CD25F68C5}.Debug|Any CPU.Build.0 = Debug|Any CPU
		{F7BE3495-BDAA-4027-9B1F-364CD25F68C5}.Release|Any CPU.ActiveCfg = Release|Any CPU
		{F7BE3495-BDAA-4027-9B1F-364CD25F68C5}.Release|Any CPU.Build.0 = Release|Any CPU
	EndGlobalSection
	GlobalSection(SolutionProperties) = preSolution
		HideSolutionNode = FALSE
	EndGlobalSection
	GlobalSection(NestedProjects) = preSolution
		{DBDC5084-DEB2-418A-B657-4C9BEEA6AE26} = {61969331-E4E0-47F8-8AE1-929A0F906B42}
		{A785080C-34D8-4C82-BAED-9AC403F7CE90} = {61969331-E4E0-47F8-8AE1-929A0F906B42}
		{CA4804C9-C887-4D30-AE93-610C65479FCD} = {61969331-E4E0-47F8-8AE1-929A0F906B42}
		{E3E5283B-8298-4B02-91C9-B9C6022219AD} = {61969331-E4E0-47F8-8AE1-929A0F906B42}
		{F7BE3495-BDAA-4027-9B1F-364CD25F68C5} = {16967CB0-87F0-4E25-898B-1D6E1B20966F}
	EndGlobalSection
	GlobalSection(ExtensibilityGlobals) = postSolution
		SolutionGuid = {D2080587-2D6E-420D-9CB0-E2DC9B3A6CB5}
	EndGlobalSection
EndGlobal
